
Microsoft Visual Studio Solution File, Format Version 12.00
# Visual Studio 15
VisualStudioVersion = 15.0.26430.16
MinimumVisualStudioVersion = 10.0.40219.1
Project("{FAE04EC0-301F-11D3-BF4B-00C04F79EFBC}") = "ToDoManagerRest.Android", "ToDoManagerRest\ToDoManagerRest.Android\ToDoManagerRest.Android.csproj", "{9D9A3999-7C8B-464D-A749-EA50A9F7AFF6}"
EndProject
Project("{FAE04EC0-301F-11D3-BF4B-00C04F79EFBC}") = "ToDoManagerRest", "ToDoManagerRest\ToDoManagerRest\ToDoManagerRest.csproj", "{5403A1F4-0EF6-4486-9E38-F81F0E6F3FCB}"
EndProject
Project("{FAE04EC0-301F-11D3-BF4B-00C04F79EFBC}") = "ToDoManagerRest.UWP", "ToDoManagerRest\ToDoManagerRest.UWP\ToDoManagerRest.UWP.csproj", "{933D2B43-D1C4-464C-AB00-2C835BE39DBF}"
EndProject
Project("{FAE04EC0-301F-11D3-BF4B-00C04F79EFBC}") = "ToDoManagerRest.iOS", "ToDoManagerRest\ToDoManagerRest.iOS\ToDoManagerRest.iOS.csproj", "{EF2CC268-0118-4DEB-B1F7-207D7CF2924C}"
EndProject
Global
	GlobalSection(SolutionConfigurationPlatforms) = preSolution
		Ad-Hoc|Any CPU = Ad-Hoc|Any CPU
		Ad-Hoc|ARM = Ad-Hoc|ARM
		Ad-Hoc|iPhone = Ad-Hoc|iPhone
		Ad-Hoc|iPhoneSimulator = Ad-Hoc|iPhoneSimulator
		Ad-Hoc|x64 = Ad-Hoc|x64
		Ad-Hoc|x86 = Ad-Hoc|x86
		AppStore|Any CPU = AppStore|Any CPU
		AppStore|ARM = AppStore|ARM
		AppStore|iPhone = AppStore|iPhone
		AppStore|iPhoneSimulator = AppStore|iPhoneSimulator
		AppStore|x64 = AppStore|x64
		AppStore|x86 = AppStore|x86
		Debug|Any CPU = Debug|Any CPU
		Debug|ARM = Debug|ARM
		Debug|iPhone = Debug|iPhone
		Debug|iPhoneSimulator = Debug|iPhoneSimulator
		Debug|x64 = Debug|x64
		Debug|x86 = Debug|x86
		Release|Any CPU = Release|Any CPU
		Release|ARM = Release|ARM
		Release|iPhone = Release|iPhone
		Release|iPhoneSimulator = Release|iPhoneSimulator
		Release|x64 = Release|x64
		Release|x86 = Release|x86
	EndGlobalSection
	GlobalSection(ProjectConfigurationPlatforms) = postSolution
		{9D9A3999-7C8B-464D-A749-EA50A9F7AFF6}.Ad-Hoc|Any CPU.ActiveCfg = Release|Any CPU
		{9D9A3999-7C8B-464D-A749-EA50A9F7AFF6}.Ad-Hoc|Any CPU.Build.0 = Release|Any CPU
		{9D9A3999-7C8B-464D-A749-EA50A9F7AFF6}.Ad-Hoc|Any CPU.Deploy.0 = Release|Any CPU
		{9D9A3999-7C8B-464D-A749-EA50A9F7AFF6}.Ad-Hoc|ARM.ActiveCfg = Release|Any CPU
		{9D9A3999-7C8B-464D-A749-EA50A9F7AFF6}.Ad-Hoc|ARM.Build.0 = Release|Any CPU
		{9D9A3999-7C8B-464D-A749-EA50A9F7AFF6}.Ad-Hoc|ARM.Deploy.0 = Release|Any CPU
		{9D9A3999-7C8B-464D-A749-EA50A9F7AFF6}.Ad-Hoc|iPhone.ActiveCfg = Release|Any CPU
		{9D9A3999-7C8B-464D-A749-EA50A9F7AFF6}.Ad-Hoc|iPhone.Build.0 = Release|Any CPU
		{9D9A3999-7C8B-464D-A749-EA50A9F7AFF6}.Ad-Hoc|iPhone.Deploy.0 = Release|Any CPU
		{9D9A3999-7C8B-464D-A749-EA50A9F7AFF6}.Ad-Hoc|iPhoneSimulator.ActiveCfg = Release|Any CPU
		{9D9A3999-7C8B-464D-A749-EA50A9F7AFF6}.Ad-Hoc|iPhoneSimulator.Build.0 = Release|Any CPU
		{9D9A3999-7C8B-464D-A749-EA50A9F7AFF6}.Ad-Hoc|iPhoneSimulator.Deploy.0 = Release|Any CPU
		{9D9A3999-7C8B-464D-A749-EA50A9F7AFF6}.Ad-Hoc|x64.ActiveCfg = Release|Any CPU
		{9D9A3999-7C8B-464D-A749-EA50A9F7AFF6}.Ad-Hoc|x64.Build.0 = Release|Any CPU
		{9D9A3999-7C8B-464D-A749-EA50A9F7AFF6}.Ad-Hoc|x64.Deploy.0 = Release|Any CPU
		{9D9A3999-7C8B-464D-A749-EA50A9F7AFF6}.Ad-Hoc|x86.ActiveCfg = Release|Any CPU
		{9D9A3999-7C8B-464D-A749-EA50A9F7AFF6}.Ad-Hoc|x86.Build.0 = Release|Any CPU
		{9D9A3999-7C8B-464D-A749-EA50A9F7AFF6}.Ad-Hoc|x86.Deploy.0 = Release|Any CPU
		{9D9A3999-7C8B-464D-A749-EA50A9F7AFF6}.AppStore|Any CPU.ActiveCfg = Release|Any CPU
		{9D9A3999-7C8B-464D-A749-EA50A9F7AFF6}.AppStore|Any CPU.Build.0 = Release|Any CPU
		{9D9A3999-7C8B-464D-A749-EA50A9F7AFF6}.AppStore|Any CPU.Deploy.0 = Release|Any CPU
		{9D9A3999-7C8B-464D-A749-EA50A9F7AFF6}.AppStore|ARM.ActiveCfg = Release|Any CPU
		{9D9A3999-7C8B-464D-A749-EA50A9F7AFF6}.AppStore|ARM.Build.0 = Release|Any CPU
		{9D9A3999-7C8B-464D-A749-EA50A9F7AFF6}.AppStore|ARM.Deploy.0 = Release|Any CPU
		{9D9A3999-7C8B-464D-A749-EA50A9F7AFF6}.AppStore|iPhone.ActiveCfg = Release|Any CPU
		{9D9A3999-7C8B-464D-A749-EA50A9F7AFF6}.AppStore|iPhone.Build.0 = Release|Any CPU
		{9D9A3999-7C8B-464D-A749-EA50A9F7AFF6}.AppStore|iPhone.Deploy.0 = Release|Any CPU
		{9D9A3999-7C8B-464D-A749-EA50A9F7AFF6}.AppStore|iPhoneSimulator.ActiveCfg = Release|Any CPU
		{9D9A3999-7C8B-464D-A749-EA50A9F7AFF6}.AppStore|iPhoneSimulator.Build.0 = Release|Any CPU
		{9D9A3999-7C8B-464D-A749-EA50A9F7AFF6}.AppStore|iPhoneSimulator.Deploy.0 = Release|Any CPU
		{9D9A3999-7C8B-464D-A749-EA50A9F7AFF6}.AppStore|x64.ActiveCfg = Release|Any CPU
		{9D9A3999-7C8B-464D-A749-EA50A9F7AFF6}.AppStore|x64.Build.0 = Release|Any CPU
		{9D9A3999-7C8B-464D-A749-EA50A9F7AFF6}.AppStore|x64.Deploy.0 = Release|Any CPU
		{9D9A3999-7C8B-464D-A749-EA50A9F7AFF6}.AppStore|x86.ActiveCfg = Release|Any CPU
		{9D9A3999-7C8B-464D-A749-EA50A9F7AFF6}.AppStore|x86.Build.0 = Release|Any CPU
		{9D9A3999-7C8B-464D-A749-EA50A9F7AFF6}.AppStore|x86.Deploy.0 = Release|Any CPU
		{9D9A3999-7C8B-464D-A749-EA50A9F7AFF6}.Debug|Any CPU.ActiveCfg = Debug|Any CPU
		{9D9A3999-7C8B-464D-A749-EA50A9F7AFF6}.Debug|Any CPU.Build.0 = Debug|Any CPU
		{9D9A3999-7C8B-464D-A749-EA50A9F7AFF6}.Debug|Any CPU.Deploy.0 = Debug|Any CPU
		{9D9A3999-7C8B-464D-A749-EA50A9F7AFF6}.Debug|ARM.ActiveCfg = Debug|Any CPU
		{9D9A3999-7C8B-464D-A749-EA50A9F7AFF6}.Debug|ARM.Build.0 = Debug|Any CPU
		{9D9A3999-7C8B-464D-A749-EA50A9F7AFF6}.Debug|ARM.Deploy.0 = Debug|Any CPU
		{9D9A3999-7C8B-464D-A749-EA50A9F7AFF6}.Debug|iPhone.ActiveCfg = Debug|Any CPU
		{9D9A3999-7C8B-464D-A749-EA50A9F7AFF6}.Debug|iPhone.Build.0 = Debug|Any CPU
		{9D9A3999-7C8B-464D-A749-EA50A9F7AFF6}.Debug|iPhone.Deploy.0 = Debug|Any CPU
		{9D9A3999-7C8B-464D-A749-EA50A9F7AFF6}.Debug|iPhoneSimulator.ActiveCfg = Debug|Any CPU
		{9D9A3999-7C8B-464D-A749-EA50A9F7AFF6}.Debug|iPhoneSimulator.Build.0 = Debug|Any CPU
		{9D9A3999-7C8B-464D-A749-EA50A9F7AFF6}.Debug|iPhoneSimulator.Deploy.0 = Debug|Any CPU
		{9D9A3999-7C8B-464D-A749-EA50A9F7AFF6}.Debug|x64.ActiveCfg = Debug|Any CPU
		{9D9A3999-7C8B-464D-A749-EA50A9F7AFF6}.Debug|x64.Build.0 = Debug|Any CPU
		{9D9A3999-7C8B-464D-A749-EA50A9F7AFF6}.Debug|x64.Deploy.0 = Debug|Any CPU
		{9D9A3999-7C8B-464D-A749-EA50A9F7AFF6}.Debug|x86.ActiveCfg = Debug|Any CPU
		{9D9A3999-7C8B-464D-A749-EA50A9F7AFF6}.Debug|x86.Build.0 = Debug|Any CPU
		{9D9A3999-7C8B-464D-A749-EA50A9F7AFF6}.Debug|x86.Deploy.0 = Debug|Any CPU
		{9D9A3999-7C8B-464D-A749-EA50A9F7AFF6}.Release|Any CPU.ActiveCfg = Release|Any CPU
		{9D9A3999-7C8B-464D-A749-EA50A9F7AFF6}.Release|Any CPU.Build.0 = Release|Any CPU
		{9D9A3999-7C8B-464D-A749-EA50A9F7AFF6}.Release|Any CPU.Deploy.0 = Release|Any CPU
		{9D9A3999-7C8B-464D-A749-EA50A9F7AFF6}.Release|ARM.ActiveCfg = Release|Any CPU
		{9D9A3999-7C8B-464D-A749-EA50A9F7AFF6}.Release|ARM.Build.0 = Release|Any CPU
		{9D9A3999-7C8B-464D-A749-EA50A9F7AFF6}.Release|ARM.Deploy.0 = Release|Any CPU
		{9D9A3999-7C8B-464D-A749-EA50A9F7AFF6}.Release|iPhone.ActiveCfg = Release|Any CPU
		{9D9A3999-7C8B-464D-A749-EA50A9F7AFF6}.Release|iPhone.Build.0 = Release|Any CPU
		{9D9A3999-7C8B-464D-A749-EA50A9F7AFF6}.Release|iPhone.Deploy.0 = Release|Any CPU
		{9D9A3999-7C8B-464D-A749-EA50A9F7AFF6}.Release|iPhoneSimulator.ActiveCfg = Release|Any CPU
		{9D9A3999-7C8B-464D-A749-EA50A9F7AFF6}.Release|iPhoneSimulator.Build.0 = Release|Any CPU
		{9D9A3999-7C8B-464D-A749-EA50A9F7AFF6}.Release|iPhoneSimulator.Deploy.0 = Release|Any CPU
		{9D9A3999-7C8B-464D-A749-EA50A9F7AFF6}.Release|x64.ActiveCfg = Release|Any CPU
		{9D9A3999-7C8B-464D-A749-EA50A9F7AFF6}.Release|x64.Build.0 = Release|Any CPU
		{9D9A3999-7C8B-464D-A749-EA50A9F7AFF6}.Release|x64.Deploy.0 = Release|Any CPU
		{9D9A3999-7C8B-464D-A749-EA50A9F7AFF6}.Release|x86.ActiveCfg = Release|Any CPU
		{9D9A3999-7C8B-464D-A749-EA50A9F7AFF6}.Release|x86.Build.0 = Release|Any CPU
		{9D9A3999-7C8B-464D-A749-EA50A9F7AFF6}.Release|x86.Deploy.0 = Release|Any CPU
		{5403A1F4-0EF6-4486-9E38-F81F0E6F3FCB}.Ad-Hoc|Any CPU.ActiveCfg = Release|Any CPU
		{5403A1F4-0EF6-4486-9E38-F81F0E6F3FCB}.Ad-Hoc|Any CPU.Build.0 = Release|Any CPU
		{5403A1F4-0EF6-4486-9E38-F81F0E6F3FCB}.Ad-Hoc|ARM.ActiveCfg = Release|Any CPU
		{5403A1F4-0EF6-4486-9E38-F81F0E6F3FCB}.Ad-Hoc|ARM.Build.0 = Release|Any CPU
		{5403A1F4-0EF6-4486-9E38-F81F0E6F3FCB}.Ad-Hoc|iPhone.ActiveCfg = Release|Any CPU
		{5403A1F4-0EF6-4486-9E38-F81F0E6F3FCB}.Ad-Hoc|iPhone.Build.0 = Release|Any CPU
		{5403A1F4-0EF6-4486-9E38-F81F0E6F3FCB}.Ad-Hoc|iPhoneSimulator.ActiveCfg = Release|Any CPU
		{5403A1F4-0EF6-4486-9E38-F81F0E6F3FCB}.Ad-Hoc|iPhoneSimulator.Build.0 = Release|Any CPU
		{5403A1F4-0EF6-4486-9E38-F81F0E6F3FCB}.Ad-Hoc|x64.ActiveCfg = Release|Any CPU
		{5403A1F4-0EF6-4486-9E38-F81F0E6F3FCB}.Ad-Hoc|x64.Build.0 = Release|Any CPU
		{5403A1F4-0EF6-4486-9E38-F81F0E6F3FCB}.Ad-Hoc|x86.ActiveCfg = Release|Any CPU
		{5403A1F4-0EF6-4486-9E38-F81F0E6F3FCB}.Ad-Hoc|x86.Build.0 = Release|Any CPU
		{5403A1F4-0EF6-4486-9E38-F81F0E6F3FCB}.AppStore|Any CPU.ActiveCfg = Release|Any CPU
		{5403A1F4-0EF6-4486-9E38-F81F0E6F3FCB}.AppStore|Any CPU.Build.0 = Release|Any CPU
		{5403A1F4-0EF6-4486-9E38-F81F0E6F3FCB}.AppStore|ARM.ActiveCfg = Release|Any CPU
		{5403A1F4-0EF6-4486-9E38-F81F0E6F3FCB}.AppStore|ARM.Build.0 = Release|Any CPU
		{5403A1F4-0EF6-4486-9E38-F81F0E6F3FCB}.AppStore|iPhone.ActiveCfg = Release|Any CPU
		{5403A1F4-0EF6-4486-9E38-F81F0E6F3FCB}.AppStore|iPhone.Build.0 = Release|Any CPU
		{5403A1F4-0EF6-4486-9E38-F81F0E6F3FCB}.AppStore|iPhoneSimulator.ActiveCfg = Release|Any CPU
		{5403A1F4-0EF6-4486-9E38-F81F0E6F3FCB}.AppStore|iPhoneSimulator.Build.0 = Release|Any CPU
		{5403A1F4-0EF6-4486-9E38-F81F0E6F3FCB}.AppStore|x64.ActiveCfg = Release|Any CPU
		{5403A1F4-0EF6-4486-9E38-F81F0E6F3FCB}.AppStore|x64.Build.0 = Release|Any CPU
		{5403A1F4-0EF6-4486-9E38-F81F0E6F3FCB}.AppStore|x86.ActiveCfg = Release|Any CPU
		{5403A1F4-0EF6-4486-9E38-F81F0E6F3FCB}.AppStore|x86.Build.0 = Release|Any CPU
		{5403A1F4-0EF6-4486-9E38-F81F0E6F3FCB}.Debug|Any CPU.ActiveCfg = Debug|Any CPU
		{5403A1F4-0EF6-4486-9E38-F81F0E6F3FCB}.Debug|Any CPU.Build.0 = Debug|Any CPU
		{5403A1F4-0EF6-4486-9E38-F81F0E6F3FCB}.Debug|ARM.ActiveCfg = Debug|Any CPU
		{5403A1F4-0EF6-4486-9E38-F81F0E6F3FCB}.Debug|ARM.Build.0 = Debug|Any CPU
		{5403A1F4-0EF6-4486-9E38-F81F0E6F3FCB}.Debug|iPhone.ActiveCfg = Debug|Any CPU
		{5403A1F4-0EF6-4486-9E38-F81F0E6F3FCB}.Debug|iPhone.Build.0 = Debug|Any CPU
		{5403A1F4-0EF6-4486-9E38-F81F0E6F3FCB}.Debug|iPhoneSimulator.ActiveCfg = Debug|Any CPU
		{5403A1F4-0EF6-4486-9E38-F81F0E6F3FCB}.Debug|iPhoneSimulator.Build.0 = Debug|Any CPU
		{5403A1F4-0EF6-4486-9E38-F81F0E6F3FCB}.Debug|x64.ActiveCfg = Debug|Any CPU
		{5403A1F4-0EF6-4486-9E38-F81F0E6F3FCB}.Debug|x64.Build.0 = Debug|Any CPU
		{5403A1F4-0EF6-4486-9E38-F81F0E6F3FCB}.Debug|x86.ActiveCfg = Debug|Any CPU
		{5403A1F4-0EF6-4486-9E38-F81F0E6F3FCB}.Debug|x86.Build.0 = Debug|Any CPU
		{5403A1F4-0EF6-4486-9E38-F81F0E6F3FCB}.Release|Any CPU.ActiveCfg = Release|Any CPU
		{5403A1F4-0EF6-4486-9E38-F81F0E6F3FCB}.Release|Any CPU.Build.0 = Release|Any CPU
		{5403A1F4-0EF6-4486-9E38-F81F0E6F3FCB}.Release|ARM.ActiveCfg = Release|Any CPU
		{5403A1F4-0EF6-4486-9E38-F81F0E6F3FCB}.Release|ARM.Build.0 = Release|Any CPU
		{5403A1F4-0EF6-4486-9E38-F81F0E6F3FCB}.Release|iPhone.ActiveCfg = Release|Any CPU
		{5403A1F4-0EF6-4486-9E38-F81F0E6F3FCB}.Release|iPhone.Build.0 = Release|Any CPU
		{5403A1F4-0EF6-4486-9E38-F81F0E6F3FCB}.Release|iPhoneSimulator.ActiveCfg = Release|Any CPU
		{5403A1F4-0EF6-4486-9E38-F81F0E6F3FCB}.Release|iPhoneSimulator.Build.0 = Release|Any CPU
		{5403A1F4-0EF6-4486-9E38-F81F0E6F3FCB}.Release|x64.ActiveCfg = Release|Any CPU
		{5403A1F4-0EF6-4486-9E38-F81F0E6F3FCB}.Release|x64.Build.0 = Release|Any CPU
		{5403A1F4-0EF6-4486-9E38-F81F0E6F3FCB}.Release|x86.ActiveCfg = Release|Any CPU
		{5403A1F4-0EF6-4486-9E38-F81F0E6F3FCB}.Release|x86.Build.0 = Release|Any CPU
		{933D2B43-D1C4-464C-AB00-2C835BE39DBF}.Ad-Hoc|Any CPU.ActiveCfg = Release|x86
		{933D2B43-D1C4-464C-AB00-2C835BE39DBF}.Ad-Hoc|Any CPU.Build.0 = Release|x86
		{933D2B43-D1C4-464C-AB00-2C835BE39DBF}.Ad-Hoc|Any CPU.Deploy.0 = Release|x86
		{933D2B43-D1C4-464C-AB00-2C835BE39DBF}.Ad-Hoc|ARM.ActiveCfg = Release|ARM
		{933D2B43-D1C4-464C-AB00-2C835BE39DBF}.Ad-Hoc|ARM.Build.0 = Release|ARM
		{933D2B43-D1C4-464C-AB00-2C835BE39DBF}.Ad-Hoc|ARM.Deploy.0 = Release|ARM
		{933D2B43-D1C4-464C-AB00-2C835BE39DBF}.Ad-Hoc|iPhone.ActiveCfg = Release|x86
		{933D2B43-D1C4-464C-AB00-2C835BE39DBF}.Ad-Hoc|iPhone.Build.0 = Release|x86
		{933D2B43-D1C4-464C-AB00-2C835BE39DBF}.Ad-Hoc|iPhone.Deploy.0 = Release|x86
		{933D2B43-D1C4-464C-AB00-2C835BE39DBF}.Ad-Hoc|iPhoneSimulator.ActiveCfg = Release|x86
		{933D2B43-D1C4-464C-AB00-2C835BE39DBF}.Ad-Hoc|iPhoneSimulator.Build.0 = Release|x86
		{933D2B43-D1C4-464C-AB00-2C835BE39DBF}.Ad-Hoc|iPhoneSimulator.Deploy.0 = Release|x86
		{933D2B43-D1C4-464C-AB00-2C835BE39DBF}.Ad-Hoc|x64.ActiveCfg = Release|x64
		{933D2B43-D1C4-464C-AB00-2C835BE39DBF}.Ad-Hoc|x64.Build.0 = Release|x64
		{933D2B43-D1C4-464C-AB00-2C835BE39DBF}.Ad-Hoc|x64.Deploy.0 = Release|x64
		{933D2B43-D1C4-464C-AB00-2C835BE39DBF}.Ad-Hoc|x86.ActiveCfg = Release|x86
		{933D2B43-D1C4-464C-AB00-2C835BE39DBF}.Ad-Hoc|x86.Build.0 = Release|x86
		{933D2B43-D1C4-464C-AB00-2C835BE39DBF}.Ad-Hoc|x86.Deploy.0 = Release|x86
		{933D2B43-D1C4-464C-AB00-2C835BE39DBF}.AppStore|Any CPU.ActiveCfg = Release|x86
		{933D2B43-D1C4-464C-AB00-2C835BE39DBF}.AppStore|Any CPU.Build.0 = Release|x86
		{933D2B43-D1C4-464C-AB00-2C835BE39DBF}.AppStore|Any CPU.Deploy.0 = Release|x86
		{933D2B43-D1C4-464C-AB00-2C835BE39DBF}.AppStore|ARM.ActiveCfg = Release|ARM
		{933D2B43-D1C4-464C-AB00-2C835BE39DBF}.AppStore|ARM.Build.0 = Release|ARM
		{933D2B43-D1C4-464C-AB00-2C835BE39DBF}.AppStore|ARM.Deploy.0 = Release|ARM
		{933D2B43-D1C4-464C-AB00-2C835BE39DBF}.AppStore|iPhone.ActiveCfg = Release|x86
		{933D2B43-D1C4-464C-AB00-2C835BE39DBF}.AppStore|iPhone.Build.0 = Release|x86
		{933D2B43-D1C4-464C-AB00-2C835BE39DBF}.AppStore|iPhone.Deploy.0 = Release|x86
		{933D2B43-D1C4-464C-AB00-2C835BE39DBF}.AppStore|iPhoneSimulator.ActiveCfg = Release|x86
		{933D2B43-D1C4-464C-AB00-2C835BE39DBF}.AppStore|iPhoneSimulator.Build.0 = Release|x86
		{933D2B43-D1C4-464C-AB00-2C835BE39DBF}.AppStore|iPhoneSimulator.Deploy.0 = Release|x86
		{933D2B43-D1C4-464C-AB00-2C835BE39DBF}.AppStore|x64.ActiveCfg = Release|x64
		{933D2B43-D1C4-464C-AB00-2C835BE39DBF}.AppStore|x64.Build.0 = Release|x64
		{933D2B43-D1C4-464C-AB00-2C835BE39DBF}.AppStore|x64.Deploy.0 = Release|x64
		{933D2B43-D1C4-464C-AB00-2C835BE39DBF}.AppStore|x86.ActiveCfg = Release|x86
		{933D2B43-D1C4-464C-AB00-2C835BE39DBF}.AppStore|x86.Build.0 = Release|x86
		{933D2B43-D1C4-464C-AB00-2C835BE39DBF}.AppStore|x86.Deploy.0 = Release|x86
		{933D2B43-D1C4-464C-AB00-2C835BE39DBF}.Debug|Any CPU.ActiveCfg = Debug|x86
		{933D2B43-D1C4-464C-AB00-2C835BE39DBF}.Debug|ARM.ActiveCfg = Debug|ARM
		{933D2B43-D1C4-464C-AB00-2C835BE39DBF}.Debug|ARM.Build.0 = Debug|ARM
		{933D2B43-D1C4-464C-AB00-2C835BE39DBF}.Debug|ARM.Deploy.0 = Debug|ARM
		{933D2B43-D1C4-464C-AB00-2C835BE39DBF}.Debug|iPhone.ActiveCfg = Debug|x86
		{933D2B43-D1C4-464C-AB00-2C835BE39DBF}.Debug|iPhoneSimulator.ActiveCfg = Debug|x86
		{933D2B43-D1C4-464C-AB00-2C835BE39DBF}.Debug|x64.ActiveCfg = Debug|x64
		{933D2B43-D1C4-464C-AB00-2C835BE39DBF}.Debug|x64.Build.0 = Debug|x64
		{933D2B43-D1C4-464C-AB00-2C835BE39DBF}.Debug|x64.Deploy.0 = Debug|x64
		{933D2B43-D1C4-464C-AB00-2C835BE39DBF}.Debug|x86.ActiveCfg = Debug|x86
		{933D2B43-D1C4-464C-AB00-2C835BE39DBF}.Debug|x86.Build.0 = Debug|x86
		{933D2B43-D1C4-464C-AB00-2C835BE39DBF}.Debug|x86.Deploy.0 = Debug|x86
		{933D2B43-D1C4-464C-AB00-2C835BE39DBF}.Release|Any CPU.ActiveCfg = Release|x86
		{933D2B43-D1C4-464C-AB00-2C835BE39DBF}.Release|ARM.ActiveCfg = Release|ARM
		{933D2B43-D1C4-464C-AB00-2C835BE39DBF}.Release|ARM.Build.0 = Release|ARM
		{933D2B43-D1C4-464C-AB00-2C835BE39DBF}.Release|ARM.Deploy.0 = Release|ARM
		{933D2B43-D1C4-464C-AB00-2C835BE39DBF}.Release|iPhone.ActiveCfg = Release|x86
		{933D2B43-D1C4-464C-AB00-2C835BE39DBF}.Release|iPhoneSimulator.ActiveCfg = Release|x86
		{933D2B43-D1C4-464C-AB00-2C835BE39DBF}.Release|x64.ActiveCfg = Release|x64
		{933D2B43-D1C4-464C-AB00-2C835BE39DBF}.Release|x64.Build.0 = Release|x64
		{933D2B43-D1C4-464C-AB00-2C835BE39DBF}.Release|x64.Deploy.0 = Release|x64
		{933D2B43-D1C4-464C-AB00-2C835BE39DBF}.Release|x86.ActiveCfg = Release|x86
		{933D2B43-D1C4-464C-AB00-2C835BE39DBF}.Release|x86.Build.0 = Release|x86
		{933D2B43-D1C4-464C-AB00-2C835BE39DBF}.Release|x86.Deploy.0 = Release|x86
		{EF2CC268-0118-4DEB-B1F7-207D7CF2924C}.Ad-Hoc|Any CPU.ActiveCfg = Ad-Hoc|iPhone
		{EF2CC268-0118-4DEB-B1F7-207D7CF2924C}.Ad-Hoc|ARM.ActiveCfg = Ad-Hoc|iPhone
		{EF2CC268-0118-4DEB-B1F7-207D7CF2924C}.Ad-Hoc|iPhone.ActiveCfg = Ad-Hoc|iPhone
		{EF2CC268-0118-4DEB-B1F7-207D7CF2924C}.Ad-Hoc|iPhone.Build.0 = Ad-Hoc|iPhone
		{EF2CC268-0118-4DEB-B1F7-207D7CF2924C}.Ad-Hoc|iPhoneSimulator.ActiveCfg = Ad-Hoc|iPhoneSimulator
		{EF2CC268-0118-4DEB-B1F7-207D7CF2924C}.Ad-Hoc|iPhoneSimulator.Build.0 = Ad-Hoc|iPhoneSimulator
		{EF2CC268-0118-4DEB-B1F7-207D7CF2924C}.Ad-Hoc|x64.ActiveCfg = Ad-Hoc|iPhone
		{EF2CC268-0118-4DEB-B1F7-207D7CF2924C}.Ad-Hoc|x86.ActiveCfg = Ad-Hoc|iPhone
		{EF2CC268-0118-4DEB-B1F7-207D7CF2924C}.AppStore|Any CPU.ActiveCfg = AppStore|iPhone
		{EF2CC268-0118-4DEB-B1F7-207D7CF2924C}.AppStore|ARM.ActiveCfg = AppStore|iPhone
		{EF2CC268-0118-4DEB-B1F7-207D7CF2924C}.AppStore|iPhone.ActiveCfg = AppStore|iPhone
		{EF2CC268-0118-4DEB-B1F7-207D7CF2924C}.AppStore|iPhone.Build.0 = AppStore|iPhone
		{EF2CC268-0118-4DEB-B1F7-207D7CF2924C}.AppStore|iPhoneSimulator.ActiveCfg = AppStore|iPhoneSimulator
		{EF2CC268-0118-4DEB-B1F7-207D7CF2924C}.AppStore|iPhoneSimulator.Build.0 = AppStore|iPhoneSimulator
		{EF2CC268-0118-4DEB-B1F7-207D7CF2924C}.AppStore|x64.ActiveCfg = AppStore|iPhone
		{EF2CC268-0118-4DEB-B1F7-207D7CF2924C}.AppStore|x86.ActiveCfg = AppStore|iPhone
		{EF2CC268-0118-4DEB-B1F7-207D7CF2924C}.Debug|Any CPU.ActiveCfg = Debug|iPhone
		{EF2CC268-0118-4DEB-B1F7-207D7CF2924C}.Debug|ARM.ActiveCfg = Debug|iPhone
		{EF2CC268-0118-4DEB-B1F7-207D7CF2924C}.Debug|iPhone.ActiveCfg = Debug|iPhone
		{EF2CC268-0118-4DEB-B1F7-207D7CF2924C}.Debug|iPhone.Build.0 = Debug|iPhone
		{EF2CC268-0118-4DEB-B1F7-207D7CF2924C}.Debug|iPhoneSimulator.ActiveCfg = Debug|iPhoneSimulator
		{EF2CC268-0118-4DEB-B1F7-207D7CF2924C}.Debug|iPhoneSimulator.Build.0 = Debug|iPhoneSimulator
		{EF2CC268-0118-4DEB-B1F7-207D7CF2924C}.Debug|x64.ActiveCfg = Debug|iPhone
		{EF2CC268-0118-4DEB-B1F7-207D7CF2924C}.Debug|x86.ActiveCfg = Debug|iPhone
		{EF2CC268-0118-4DEB-B1F7-207D7CF2924C}.Release|Any CPU.ActiveCfg = Release|iPhone
		{EF2CC268-0118-4DEB-B1F7-207D7CF2924C}.Release|ARM.ActiveCfg = Release|iPhone
		{EF2CC268-0118-4DEB-B1F7-207D7CF2924C}.Release|iPhone.ActiveCfg = Release|iPhone
		{EF2CC268-0118-4DEB-B1F7-207D7CF2924C}.Release|iPhone.Build.0 = Release|iPhone
		{EF2CC268-0118-4DEB-B1F7-207D7CF2924C}.Release|iPhoneSimulator.ActiveCfg = Release|iPhoneSimulator
		{EF2CC268-0118-4DEB-B1F7-207D7CF2924C}.Release|iPhoneSimulator.Build.0 = Release|iPhoneSimulator
		{EF2CC268-0118-4DEB-B1F7-207D7CF2924C}.Release|x64.ActiveCfg = Release|iPhone
		{EF2CC268-0118-4DEB-B1F7-207D7CF2924C}.Release|x86.ActiveCfg = Release|iPhone
	EndGlobalSection
	GlobalSection(SolutionProperties) = preSolution
		HideSolutionNode = FALSE
	EndGlobalSection
EndGlobal
